DEPENDENCIES
  linking-commerce-api
    path: cookbooks/linking-commerce-api

GRAPH
  apt (2.8.2)
  bluepill (2.3.1)
    rsyslog (>= 0.0.0)
  build-essential (2.2.3)
  linking-commerce-api (0.1.0)
    apt (>= 0.0.0)
    nginx (>= 0.0.0)
    ruby-ng (>= 0.0.0)
    sudo (>= 0.0.0)
    timezone-ii (>= 0.0.0)
  nginx (2.7.6)
    apt (~> 2.2)
    bluepill (~> 2.3)
    build-essential (~> 2.0)
    ohai (~> 2.0)
    runit (~> 1.2)
    yum-epel (~> 0.3)
  ohai (2.0.1)
  packagecloud (0.0.19)
  rsyslog (2.1.0)
  ruby-ng (0.3.0)
    apt (>= 0.0.0)
    build-essential (>= 0.0.0)
  runit (1.7.2)
    packagecloud (>= 0.0.0)
  sudo (2.7.2)
  timezone-ii (0.2.0)
  yum (3.6.3)
  yum-epel (0.6.2)
    yum (~> 3.2)
