DEPENDENCIES
  linking-commerce-api
    path: cookbooks/linking-commerce-api

GRAPH
  apt (2.8.2)
  build-essential (2.2.3)
  linking-commerce-api (0.1.0)
    apt (>= 0.0.0)
    ruby-ng (>= 0.0.0)
    sudo (>= 0.0.0)
    timezone-ii (>= 0.0.0)
  ruby-ng (0.3.0)
    apt (>= 0.0.0)
    build-essential (>= 0.0.0)
  sudo (2.7.2)
  timezone-ii (0.2.0)
